
Microsoft Visual Studio Solution File, Format Version 12.00
# Visual Studio Version 17
VisualStudioVersion = 17.8.34322.80
MinimumVisualStudioVersion = 10.0.40219.1
Project("{888888A0-9F3D-457C-B088-3A5042F75D52}") = "ttrpgAssistant", "ttrpgAssistant\ttrpgAssistant.pyproj", "{E7A9430A-25AD-4895-B127-00B39F773657}"
EndProject
Global
	GlobalSection(SolutionConfigurationPlatforms) = preSolution
		Debug|Any CPU = Debug|Any CPU
		Release|Any CPU = Release|Any CPU
	EndGlobalSection
	GlobalSection(ProjectConfigurationPlatforms) = postSolution
		{E7A9430A-25AD-4895-B127-00B39F773657}.Debug|Any CPU.ActiveCfg = Debug|Any CPU
		{E7A9430A-25AD-4895-B127-00B39F773657}.Release|Any CPU.ActiveCfg = Release|Any CPU
	EndGlobalSection
	GlobalSection(SolutionProperties) = preSolution
		HideSolutionNode = FALSE
	EndGlobalSection
	GlobalSection(ExtensibilityGlobals) = postSolution
		SolutionGuid = {42CE2A88-B7D7-4E14-8B31-5FB351D3267F}
	EndGlobalSection
EndGlobal
